
Microsoft Visual Studio Solution File, Format Version 12.00
# Visual Studio Version 17
VisualStudioVersion = 17.0.31903.59
MinimumVisualStudioVersion = 10.0.40219.1
Project("{F2A71F9B-5D33-465A-A702-920D77279786}") = "FsCombinators", "FsCombinators\FsCombinators.fsproj", "{EEBD27FC-BA5D-4D36-8E34-EA6A3771D0A2}"
EndProject
Project("{F2A71F9B-5D33-465A-A702-920D77279786}") = "FsCombinators.Spec", "FsCombinators.Spec\FsCombinators.Spec.fsproj", "{19E3C430-33CC-4136-ABAD-61CBECC875E1}"
EndProject
Global
	GlobalSection(SolutionConfigurationPlatforms) = preSolution
		Debug|Any CPU = Debug|Any CPU
		Release|Any CPU = Release|Any CPU
	EndGlobalSection
	GlobalSection(SolutionProperties) = preSolution
		HideSolutionNode = FALSE
	EndGlobalSection
	GlobalSection(ProjectConfigurationPlatforms) = postSolution
		{EEBD27FC-BA5D-4D36-8E34-EA6A3771D0A2}.Debug|Any CPU.ActiveCfg = Debug|Any CPU
		{EEBD27FC-BA5D-4D36-8E34-EA6A3771D0A2}.Debug|Any CPU.Build.0 = Debug|Any CPU
		{EEBD27FC-BA5D-4D36-8E34-EA6A3771D0A2}.Release|Any CPU.ActiveCfg = Release|Any CPU
		{EEBD27FC-BA5D-4D36-8E34-EA6A3771D0A2}.Release|Any CPU.Build.0 = Release|Any CPU
		{19E3C430-33CC-4136-ABAD-61CBECC875E1}.Debug|Any CPU.ActiveCfg = Debug|Any CPU
		{19E3C430-33CC-4136-ABAD-61CBECC875E1}.Debug|Any CPU.Build.0 = Debug|Any CPU
		{19E3C430-33CC-4136-ABAD-61CBECC875E1}.Release|Any CPU.ActiveCfg = Release|Any CPU
		{19E3C430-33CC-4136-ABAD-61CBECC875E1}.Release|Any CPU.Build.0 = Release|Any CPU
	EndGlobalSection
EndGlobal
